// !$*UTF8*$!
{
	archiveVersion = 1;
	classes = {
	};
	objectVersion = 48;
	objects = {

/* Begin PBXBuildFile section */
		E8F99A5270CB6D2310EA60CD /* Pods_SocialNetwork.framework in Frameworks */ = {isa = PBXBuildFile; fileRef = 2BEF6FF3535032539D14F86F /* Pods_SocialNetwork.framework */; };
		FA89B5BF1F91A221004F52C1 /* AppDelegate.swift in Sources */ = {isa = PBXBuildFile; fileRef = FA89B5BE1F91A221004F52C1 /* AppDelegate.swift */; };
		FA89B5C11F91A221004F52C1 /* SignInViewController.swift in Sources */ = {isa = PBXBuildFile; fileRef = FA89B5C01F91A221004F52C1 /* SignInViewController.swift */; };
		FA89B5C41F91A221004F52C1 /* Main.storyboard in Resources */ = {isa = PBXBuildFile; fileRef = FA89B5C21F91A221004F52C1 /* Main.storyboard */; };
		FA89B5C61F91A221004F52C1 /* Assets.xcassets in Resources */ = {isa = PBXBuildFile; fileRef = FA89B5C51F91A221004F52C1 /* Assets.xcassets */; };
		FA89B5C91F91A221004F52C1 /* LaunchScreen.storyboard in Resources */ = {isa = PBXBuildFile; fileRef = FA89B5C71F91A221004F52C1 /* LaunchScreen.storyboard */; };
		FA89B5E31F91A862004F52C1 /* GoogleService-Info.plist in Resources */ = {isa = PBXBuildFile; fileRef = FA89B5E21F91A861004F52C1 /* GoogleService-Info.plist */; };
		FA89B5E61F92E650004F52C1 /* Constants.swift in Sources */ = {isa = PBXBuildFile; fileRef = FA89B5E51F92E650004F52C1 /* Constants.swift */; };
		FA89B5E81F92E6D7004F52C1 /* CustomShadowView.swift in Sources */ = {isa = PBXBuildFile; fileRef = FA89B5E71F92E6D7004F52C1 /* CustomShadowView.swift */; };
		FA89B5EC1F92EA1E004F52C1 /* CustomTextField.swift in Sources */ = {isa = PBXBuildFile; fileRef = FA89B5EB1F92EA1E004F52C1 /* CustomTextField.swift */; };
		FA89B5EE1F92ED2E004F52C1 /* FacebookButton.swift in Sources */ = {isa = PBXBuildFile; fileRef = FA89B5ED1F92ED2E004F52C1 /* FacebookButton.swift */; };
		FA89B5F01F9305E6004F52C1 /* FeedViewController.swift in Sources */ = {isa = PBXBuildFile; fileRef = FA89B5EF1F9305E6004F52C1 /* FeedViewController.swift */; };
		FA89B5F21F9512BA004F52C1 /* FeedTableViewCell.swift in Sources */ = {isa = PBXBuildFile; fileRef = FA89B5F11F9512BA004F52C1 /* FeedTableViewCell.swift */; };
		FA89B5F71F966D3C004F52C1 /* DataService.swift in Sources */ = {isa = PBXBuildFile; fileRef = FA89B5F61F966D3C004F52C1 /* DataService.swift */; };
		FA89B5FA1F97B65A004F52C1 /* Post.swift in Sources */ = {isa = PBXBuildFile; fileRef = FA89B5F91F97B65A004F52C1 /* Post.swift */; };
		FA89B5FC1F992B25004F52C1 /* CustomButton.swift in Sources */ = {isa = PBXBuildFile; fileRef = FA89B5FB1F992B25004F52C1 /* CustomButton.swift */; };
		FA89B5FE1F992C49004F52C1 /* CustomImage.swift in Sources */ = {isa = PBXBuildFile; fileRef = FA89B5FD1F992C49004F52C1 /* CustomImage.swift */; };
/* End PBXBuildFile section */

/* Begin PBXFileReference section */
		0BA96060EBD0A87708071403 /* Pods-SocialNetwork.release.xcconfig */ = {isa = PBXFileReference; includeInIndex = 1; lastKnownFileType = text.xcconfig; name = "Pods-SocialNetwork.release.xcconfig"; path = "Pods/Target Support Files/Pods-SocialNetwork/Pods-SocialNetwork.release.xcconfig"; sourceTree = "<group>"; };
		2BEF6FF3535032539D14F86F /* Pods_SocialNetwork.framework */ = {isa = PBXFileReference; explicitFileType = wrapper.framework; includeInIndex = 0; path = Pods_SocialNetwork.framework; sourceTree = BUILT_PRODUCTS_DIR; };
		5BFDA4435B333A2B47C61F60 /* Pods-SocialNetwork.debug.xcconfig */ = {isa = PBXFileReference; includeInIndex = 1; lastKnownFileType = text.xcconfig; name = "Pods-SocialNetwork.debug.xcconfig"; path = "Pods/Target Support Files/Pods-SocialNetwork/Pods-SocialNetwork.debug.xcconfig"; sourceTree = "<group>"; };
		FA89B5BB1F91A221004F52C1 /* SocialNetwork.app */ = {isa = PBXFileReference; explicitFileType = wrapper.application; includeInIndex = 0; path = SocialNetwork.app; sourceTree = BUILT_PRODUCTS_DIR; };
		FA89B5BE1F91A221004F52C1 /* AppDelegate.swift */ = {isa = PBXFileReference; lastKnownFileType = sourcecode.swift; path = AppDelegate.swift; sourceTree = "<group>"; };
		FA89B5C01F91A221004F52C1 /* SignInViewController.swift */ = {isa = PBXFileReference; lastKnownFileType = sourcecode.swift; path = SignInViewController.swift; sourceTree = "<group>"; };
		FA89B5C31F91A221004F52C1 /* Base */ = {isa = PBXFileReference; lastKnownFileType = file.storyboard; name = Base; path = Base.lproj/Main.storyboard; sourceTree = "<group>"; };
		FA89B5C51F91A221004F52C1 /* Assets.xcassets */ = {isa = PBXFileReference; lastKnownFileType = folder.assetcatalog; path = Assets.xcassets; sourceTree = "<group>"; };
		FA89B5C81F91A221004F52C1 /* Base */ = {isa = PBXFileReference; lastKnownFileType = file.storyboard; name = Base; path = Base.lproj/LaunchScreen.storyboard; sourceTree = "<group>"; };
		FA89B5DE1F91A7DF004F52C1 /* Info.plist */ = {isa = PBXFileReference; lastKnownFileType = text.plist.xml; path = Info.plist; sourceTree = "<group>"; };
		FA89B5E21F91A861004F52C1 /* GoogleService-Info.plist */ = {isa = PBXFileReference; fileEncoding = 4; lastKnownFileType = text.plist.xml; path = "GoogleService-Info.plist"; sourceTree = "<group>"; };
		FA89B5E51F92E650004F52C1 /* Constants.swift */ = {isa = PBXFileReference; lastKnownFileType = sourcecode.swift; path = Constants.swift; sourceTree = "<group>"; };
		FA89B5E71F92E6D7004F52C1 /* CustomShadowView.swift */ = {isa = PBXFileReference; lastKnownFileType = sourcecode.swift; path = CustomShadowView.swift; sourceTree = "<group>"; };
		FA89B5EB1F92EA1E004F52C1 /* CustomTextField.swift */ = {isa = PBXFileReference; lastKnownFileType = sourcecode.swift; path = CustomTextField.swift; sourceTree = "<group>"; };
		FA89B5ED1F92ED2E004F52C1 /* FacebookButton.swift */ = {isa = PBXFileReference; lastKnownFileType = sourcecode.swift; path = FacebookButton.swift; sourceTree = "<group>"; };
		FA89B5EF1F9305E6004F52C1 /* FeedViewController.swift */ = {isa = PBXFileReference; lastKnownFileType = sourcecode.swift; path = FeedViewController.swift; sourceTree = "<group>"; };
		FA89B5F11F9512BA004F52C1 /* FeedTableViewCell.swift */ = {isa = PBXFileReference; lastKnownFileType = sourcecode.swift; path = FeedTableViewCell.swift; sourceTree = "<group>"; };
		FA89B5F61F966D3C004F52C1 /* DataService.swift */ = {isa = PBXFileReference; lastKnownFileType = sourcecode.swift; path = DataService.swift; sourceTree = "<group>"; };
		FA89B5F91F97B65A004F52C1 /* Post.swift */ = {isa = PBXFileReference; lastKnownFileType = sourcecode.swift; path = Post.swift; sourceTree = "<group>"; };
		FA89B5FB1F992B25004F52C1 /* CustomButton.swift */ = {isa = PBXFileReference; lastKnownFileType = sourcecode.swift; path = CustomButton.swift; sourceTree = "<group>"; };
		FA89B5FD1F992C49004F52C1 /* CustomImage.swift */ = {isa = PBXFileReference; lastKnownFileType = sourcecode.swift; path = CustomImage.swift; sourceTree = "<group>"; };
/* End PBXFileReference section */

/* Begin PBXFrameworksBuildPhase section */
		FA89B5B81F91A221004F52C1 /* Frameworks */ = {
			isa = PBXFrameworksBuildPhase;
			buildActionMask = 2147483647;
			files = (
				E8F99A5270CB6D2310EA60CD /* Pods_SocialNetwork.framework in Frameworks */,
			);
			runOnlyForDeploymentPostprocessing = 0;
		};
/* End PBXFrameworksBuildPhase section */

/* Begin PBXGroup section */
		579B15211DC080C7DF9F117E /* Frameworks */ = {
			isa = PBXGroup;
			children = (
				2BEF6FF3535032539D14F86F /* Pods_SocialNetwork.framework */,
			);
			name = Frameworks;
			sourceTree = "<group>";
		};
		AC9E2E76CE965F7E98F63497 /* Pods */ = {
			isa = PBXGroup;
			children = (
				5BFDA4435B333A2B47C61F60 /* Pods-SocialNetwork.debug.xcconfig */,
				0BA96060EBD0A87708071403 /* Pods-SocialNetwork.release.xcconfig */,
			);
			name = Pods;
			sourceTree = "<group>";
		};
		FA89B5B21F91A221004F52C1 = {
			isa = PBXGroup;
			children = (
				FA89B5E21F91A861004F52C1 /* GoogleService-Info.plist */,
				FA89B5BD1F91A221004F52C1 /* SocialNetwork */,
				FA89B5BC1F91A221004F52C1 /* Products */,
				AC9E2E76CE965F7E98F63497 /* Pods */,
				579B15211DC080C7DF9F117E /* Frameworks */,
			);
			sourceTree = "<group>";
		};
		FA89B5BC1F91A221004F52C1 /* Products */ = {
			isa = PBXGroup;
			children = (
				FA89B5BB1F91A221004F52C1 /* SocialNetwork.app */,
			);
			name = Products;
			sourceTree = "<group>";
		};
		FA89B5BD1F91A221004F52C1 /* SocialNetwork */ = {
			isa = PBXGroup;
			children = (
				FA89B5F81F97B64C004F52C1 /* Models */,
				FA89B5F51F966D18004F52C1 /* Services */,
				FA89B5E41F92E634004F52C1 /* Util */,
				FA89B5DE1F91A7DF004F52C1 /* Info.plist */,
				FA89B5D61F91A78A004F52C1 /* Resources */,
				FA89B5D51F91A777004F52C1 /* View */,
				FA89B5D41F91A76B004F52C1 /* Controllers */,
			);
			path = SocialNetwork;
			sourceTree = "<group>";
		};
		FA89B5D41F91A76B004F52C1 /* Controllers */ = {
			isa = PBXGroup;
			children = (
				FA89B5BE1F91A221004F52C1 /* AppDelegate.swift */,
				FA89B5C01F91A221004F52C1 /* SignInViewController.swift */,
				FA89B5EF1F9305E6004F52C1 /* FeedViewController.swift */,
			);
			path = Controllers;
			sourceTree = "<group>";
		};
		FA89B5D51F91A777004F52C1 /* View */ = {
			isa = PBXGroup;
			children = (
				FA89B5C21F91A221004F52C1 /* Main.storyboard */,
				FA89B5C71F91A221004F52C1 /* LaunchScreen.storyboard */,
				FA89B5E71F92E6D7004F52C1 /* CustomShadowView.swift */,
				FA89B5EB1F92EA1E004F52C1 /* CustomTextField.swift */,
				FA89B5ED1F92ED2E004F52C1 /* FacebookButton.swift */,
				FA89B5F11F9512BA004F52C1 /* FeedTableViewCell.swift */,
				FA89B5FB1F992B25004F52C1 /* CustomButton.swift */,
				FA89B5FD1F992C49004F52C1 /* CustomImage.swift */,
			);
			path = View;
			sourceTree = "<group>";
		};
		FA89B5D61F91A78A004F52C1 /* Resources */ = {
			isa = PBXGroup;
			children = (
				FA89B5C51F91A221004F52C1 /* Assets.xcassets */,
			);
			path = Resources;
			sourceTree = "<group>";
		};
		FA89B5E41F92E634004F52C1 /* Util */ = {
			isa = PBXGroup;
			children = (
				FA89B5E51F92E650004F52C1 /* Constants.swift */,
			);
			path = Util;
			sourceTree = "<group>";
		};
		FA89B5F51F966D18004F52C1 /* Services */ = {
			isa = PBXGroup;
			children = (
				FA89B5F61F966D3C004F52C1 /* DataService.swift */,
			);
			path = Services;
			sourceTree = "<group>";
		};
		FA89B5F81F97B64C004F52C1 /* Models */ = {
			isa = PBXGroup;
			children = (
				FA89B5F91F97B65A004F52C1 /* Post.swift */,
			);
			path = Models;
			sourceTree = "<group>";
		};
/* End PBXGroup section */

/* Begin PBXNativeTarget section */
		FA89B5BA1F91A221004F52C1 /* SocialNetwork */ = {
			isa = PBXNativeTarget;
			buildConfigurationList = FA89B5CD1F91A221004F52C1 /* Build configuration list for PBXNativeTarget "SocialNetwork" */;
			buildPhases = (
				555AD07A0E9F33DB81D103D2 /* [CP] Check Pods Manifest.lock */,
				FA89B5B71F91A221004F52C1 /* Sources */,
				FA89B5B81F91A221004F52C1 /* Frameworks */,
				FA89B5B91F91A221004F52C1 /* Resources */,
				6B214284DB1E44A2CF39967D /* [CP] Embed Pods Frameworks */,
				CBE2FE5A9904A1E74B89AAAC /* [CP] Copy Pods Resources */,
			);
			buildRules = (
			);
			dependencies = (
			);
			name = SocialNetwork;
			productName = SocialNetwork;
			productReference = FA89B5BB1F91A221004F52C1 /* SocialNetwork.app */;
			productType = "com.apple.product-type.application";
		};
/* End PBXNativeTarget section */

/* Begin PBXProject section */
		FA89B5B31F91A221004F52C1 /* Project object */ = {
			isa = PBXProject;
			attributes = {
				LastSwiftUpdateCheck = 0900;
				LastUpgradeCheck = 0900;
				ORGANIZATIONNAME = "Ahmad Zaraei";
				TargetAttributes = {
					FA89B5BA1F91A221004F52C1 = {
						CreatedOnToolsVersion = 9.0;
					};
				};
			};
			buildConfigurationList = FA89B5B61F91A221004F52C1 /* Build configuration list for PBXProject "SocialNetwork" */;
			compatibilityVersion = "Xcode 8.0";
			developmentRegion = en;
			hasScannedForEncodings = 0;
			knownRegions = (
				en,
				Base,
			);
			mainGroup = FA89B5B21F91A221004F52C1;
			productRefGroup = FA89B5BC1F91A221004F52C1 /* Products */;
			projectDirPath = "";
			projectRoot = "";
			targets = (
				FA89B5BA1F91A221004F52C1 /* SocialNetwork */,
			);
		};
/* End PBXProject section */

/* Begin PBXResourcesBuildPhase section */
		FA89B5B91F91A221004F52C1 /* Resources */ = {
			isa = PBXResourcesBuildPhase;
			buildActionMask = 2147483647;
			files = (
				FA89B5C91F91A221004F52C1 /* LaunchScreen.storyboard in Resources */,
				FA89B5E31F91A862004F52C1 /* GoogleService-Info.plist in Resources */,
				FA89B5C61F91A221004F52C1 /* Assets.xcassets in Resources */,
				FA89B5C41F91A221004F52C1 /* Main.storyboard in Resources */,
			);
			runOnlyForDeploymentPostprocessing = 0;
		};
/* End PBXResourcesBuildPhase section */

/* Begin PBXShellScriptBuildPhase section */
		555AD07A0E9F33DB81D103D2 /* [CP] Check Pods Manifest.lock */ = {
			isa = PBXShellScriptBuildPhase;
			buildActionMask = 2147483647;
			files = (
			);
			inputPaths = (
			);
			name = "[CP] Check Pods Manifest.lock";
			outputPaths = (
			);
			runOnlyForDeploymentPostprocessing = 0;
			shellPath = /bin/sh;
			shellScript = "diff \"${PODS_ROOT}/../Podfile.lock\" \"${PODS_ROOT}/Manifest.lock\" > /dev/null\nif [ $? != 0 ] ; then\n    # print error to STDERR\n    echo \"error: The sandbox is not in sync with the Podfile.lock. Run 'pod install' or update your CocoaPods installation.\" >&2\n    exit 1\nfi\n";
			showEnvVarsInLog = 0;
		};
		6B214284DB1E44A2CF39967D /* [CP] Embed Pods Frameworks */ = {
			isa = PBXShellScriptBuildPhase;
			buildActionMask = 2147483647;
			files = (
			);
			inputPaths = (
			);
			name = "[CP] Embed Pods Frameworks";
			outputPaths = (
			);
			runOnlyForDeploymentPostprocessing = 0;
			shellPath = /bin/sh;
			shellScript = "\"${SRCROOT}/Pods/Target Support Files/Pods-SocialNetwork/Pods-SocialNetwork-frameworks.sh\"\n";
			showEnvVarsInLog = 0;
		};
		CBE2FE5A9904A1E74B89AAAC /* [CP] Copy Pods Resources */ = {
			isa = PBXShellScriptBuildPhase;
			buildActionMask = 2147483647;
			files = (
			);
			inputPaths = (
			);
			name = "[CP] Copy Pods Resources";
			outputPaths = (
			);
			runOnlyForDeploymentPostprocessing = 0;
			shellPath = /bin/sh;
			shellScript = "\"${SRCROOT}/Pods/Target Support Files/Pods-SocialNetwork/Pods-SocialNetwork-resources.sh\"\n";
			showEnvVarsInLog = 0;
		};
/* End PBXShellScriptBuildPhase section */

/* Begin PBXSourcesBuildPhase section */
		FA89B5B71F91A221004F52C1 /* Sources */ = {
			isa = PBXSourcesBuildPhase;
			buildActionMask = 2147483647;
			files = (
				FA89B5F71F966D3C004F52C1 /* DataService.swift in Sources */,
				FA89B5C11F91A221004F52C1 /* SignInViewController.swift in Sources */,
				FA89B5FE1F992C49004F52C1 /* CustomImage.swift in Sources */,
				FA89B5F21F9512BA004F52C1 /* FeedTableViewCell.swift in Sources */,
				FA89B5E81F92E6D7004F52C1 /* CustomShadowView.swift in Sources */,
				FA89B5BF1F91A221004F52C1 /* AppDelegate.swift in Sources */,
				FA89B5EE1F92ED2E004F52C1 /* FacebookButton.swift in Sources */,
				FA89B5E61F92E650004F52C1 /* Constants.swift in Sources */,
				FA89B5FC1F992B25004F52C1 /* CustomButton.swift in Sources */,
				FA89B5EC1F92EA1E004F52C1 /* CustomTextField.swift in Sources */,
				FA89B5F01F9305E6004F52C1 /* FeedViewController.swift in Sources */,
				FA89B5FA1F97B65A004F52C1 /* Post.swift in Sources */,
			);
			runOnlyForDeploymentPostprocessing = 0;
		};
/* End PBXSourcesBuildPhase section */

/* Begin PBXVariantGroup section */
		FA89B5C21F91A221004F52C1 /* Main.storyboard */ = {
			isa = PBXVariantGroup;
			children = (
				FA89B5C31F91A221004F52C1 /* Base */,
			);
			name = Main.storyboard;
			sourceTree = "<group>";
		};
		FA89B5C71F91A221004F52C1 /* LaunchScreen.storyboard */ = {
			isa = PBXVariantGroup;
			children = (
				FA89B5C81F91A221004F52C1 /* Base */,
			);
			name = LaunchScreen.storyboard;
			sourceTree = "<group>";
		};
/* End PBXVariantGroup section */

/* Begin XCBuildConfiguration section */
		FA89B5CB1F91A221004F52C1 /* Debug */ = {
			isa = XCBuildConfiguration;
			buildSettings = {
				ALWAYS_SEARCH_USER_PATHS = NO;
				CLANG_ANALYZER_NONNULL = YES;
				CLANG_ANALYZER_NUMBER_OBJECT_CONVERSION = YES_AGGRESSIVE;
				CLANG_CXX_LANGUAGE_STANDARD = "gnu++14";
				CLANG_CXX_LIBRARY = "libc++";
				CLANG_ENABLE_MODULES = YES;
				CLANG_ENABLE_OBJC_ARC = YES;
				CLANG_WARN_BLOCK_CAPTURE_AUTORELEASING = YES;
				CLANG_WARN_BOOL_CONVERSION = YES;
				CLANG_WARN_COMMA = YES;
				CLANG_WARN_CONSTANT_CONVERSION = YES;
				CLANG_WARN_DIRECT_OBJC_ISA_USAGE = YES_ERROR;
				CLANG_WARN_DOCUMENTATION_COMMENTS = YES;
				CLANG_WARN_EMPTY_BODY = YES;
				CLANG_WARN_ENUM_CONVERSION = YES;
				CLANG_WARN_INFINITE_RECURSION = YES;
				CLANG_WARN_INT_CONVERSION = YES;
				CLANG_WARN_NON_LITERAL_NULL_CONVERSION = YES;
				CLANG_WARN_OBJC_LITERAL_CONVERSION = YES;
				CLANG_WARN_OBJC_ROOT_CLASS = YES_ERROR;
				CLANG_WARN_RANGE_LOOP_ANALYSIS = YES;
				CLANG_WARN_STRICT_PROTOTYPES = YES;
				CLANG_WARN_SUSPICIOUS_MOVE = YES;
				CLANG_WARN_UNGUARDED_AVAILABILITY = YES_AGGRESSIVE;
				CLANG_WARN_UNREACHABLE_CODE = YES;
				CLANG_WARN__DUPLICATE_METHOD_MATCH = YES;
				CODE_SIGN_IDENTITY = "iPhone Developer";
				COPY_PHASE_STRIP = NO;
				DEBUG_INFORMATION_FORMAT = dwarf;
				ENABLE_STRICT_OBJC_MSGSEND = YES;
				ENABLE_TESTABILITY = YES;
				GCC_C_LANGUAGE_STANDARD = gnu11;
				GCC_DYNAMIC_NO_PIC = NO;
				GCC_NO_COMMON_BLOCKS = YES;
				GCC_OPTIMIZATION_LEVEL = 0;
				GCC_PREPROCESSOR_DEFINITIONS = (
					"DEBUG=1",
					"$(inherited)",
				);
				GCC_WARN_64_TO_32_BIT_CONVERSION = YES;
				GCC_WARN_ABOUT_RETURN_TYPE = YES_ERROR;
				GCC_WARN_UNDECLARED_SELECTOR = YES;
				GCC_WARN_UNINITIALIZED_AUTOS = YES_AGGRESSIVE;
				GCC_WARN_UNUSED_FUNCTION = YES;
				GCC_WARN_UNUSED_VARIABLE = YES;
				IPHONEOS_DEPLOYMENT_TARGET = 11.0;
				MTL_ENABLE_DEBUG_INFO = YES;
				ONLY_ACTIVE_ARCH = YES;
				SDKROOT = iphoneos;
				SWIFT_ACTIVE_COMPILATION_CONDITIONS = DEBUG;
				SWIFT_OPTIMIZATION_LEVEL = "-Onone";
			};
			name = Debug;
		};
		FA89B5CC1F91A221004F52C1 /* Release */ = {
			isa = XCBuildConfiguration;
			buildSettings = {
				ALWAYS_SEARCH_USER_PATHS = NO;
				CLANG_ANALYZER_NONNULL = YES;
				CLANG_ANALYZER_NUMBER_OBJECT_CONVERSION = YES_AGGRESSIVE;
				CLANG_CXX_LANGUAGE_STANDARD = "gnu++14";
				CLANG_CXX_LIBRARY = "libc++";
				CLANG_ENABLE_MODULES = YES;
				CLANG_ENABLE_OBJC_ARC = YES;
				CLANG_WARN_BLOCK_CAPTURE_AUTORELEASING = YES;
				CLANG_WARN_BOOL_CONVERSION = YES;
				CLANG_WARN_COMMA = YES;
				CLANG_WARN_CONSTANT_CONVERSION = YES;
				CLANG_WARN_DIRECT_OBJC_ISA_USAGE = YES_ERROR;
				CLANG_WARN_DOCUMENTATION_COMMENTS = YES;
				CLANG_WARN_EMPTY_BODY = YES;
				CLANG_WARN_ENUM_CONVERSION = YES;
				CLANG_WARN_INFINITE_RECURSION = YES;
				CLANG_WARN_INT_CONVERSION = YES;
				CLANG_WARN_NON_LITERAL_NULL_CONVERSION = YES;
				CLANG_WARN_OBJC_LITERAL_CONVERSION = YES;
				CLANG_WARN_OBJC_ROOT_CLASS = YES_ERROR;
				CLANG_WARN_RANGE_LOOP_ANALYSIS = YES;
				CLANG_WARN_STRICT_PROTOTYPES = YES;
				CLANG_WARN_SUSPICIOUS_MOVE = YES;
				CLANG_WARN_UNGUARDED_AVAILABILITY = YES_AGGRESSIVE;
				CLANG_WARN_UNREACHABLE_CODE = YES;
				CLANG_WARN__DUPLICATE_METHOD_MATCH = YES;
				CODE_SIGN_IDENTITY = "iPhone Developer";
				COPY_PHASE_STRIP = NO;
				DEBUG_INFORMATION_FORMAT = "dwarf-with-dsym";
				ENABLE_NS_ASSERTIONS = NO;
				ENABLE_STRICT_OBJC_MSGSEND = YES;
				GCC_C_LANGUAGE_STANDARD = gnu11;
				GCC_NO_COMMON_BLOCKS = YES;
				GCC_WARN_64_TO_32_BIT_CONVERSION = YES;
				GCC_WARN_ABOUT_RETURN_TYPE = YES_ERROR;
				GCC_WARN_UNDECLARED_SELECTOR = YES;
				GCC_WARN_UNINITIALIZED_AUTOS = YES_AGGRESSIVE;
				GCC_WARN_UNUSED_FUNCTION = YES;
				GCC_WARN_UNUSED_VARIABLE = YES;
				IPHONEOS_DEPLOYMENT_TARGET = 11.0;
				MTL_ENABLE_DEBUG_INFO = NO;
				SDKROOT = iphoneos;
				SWIFT_OPTIMIZATION_LEVEL = "-Owholemodule";
				VALIDATE_PRODUCT = YES;
			};
			name = Release;
		};
		FA89B5CE1F91A221004F52C1 /* Debug */ = {
			isa = XCBuildConfiguration;
			baseConfigurationReference = 5BFDA4435B333A2B47C61F60 /* Pods-SocialNetwork.debug.xcconfig */;
			buildSettings = {
				ASSETCATALOG_COMPILER_APPICON_NAME = AppIcon;
				DEVELOPMENT_TEAM = 2GKSQ5PF66;
				INFOPLIST_FILE = SocialNetwork/Info.plist;
				IPHONEOS_DEPLOYMENT_TARGET = 10.3;
				LD_RUNPATH_SEARCH_PATHS = "$(inherited) @executable_path/Frameworks";
				PRODUCT_BUNDLE_IDENTIFIER = com.companyname.SocialNetwork;
				PRODUCT_NAME = "$(TARGET_NAME)";
				SWIFT_VERSION = 4.0;
				TARGETED_DEVICE_FAMILY = "1,2";
			};
			name = Debug;
		};
		FA89B5CF1F91A221004F52C1 /* Release */ = {
			isa = XCBuildConfiguration;
			baseConfigurationReference = 0BA96060EBD0A87708071403 /* Pods-SocialNetwork.release.xcconfig */;
			buildSettings = {
				ASSETCATALOG_COMPILER_APPICON_NAME = AppIcon;
				DEVELOPMENT_TEAM = 2GKSQ5PF66;
				INFOPLIST_FILE = SocialNetwork/Info.plist;
				IPHONEOS_DEPLOYMENT_TARGET = 10.3;
				LD_RUNPATH_SEARCH_PATHS = "$(inherited) @executable_path/Frameworks";
				PRODUCT_BUNDLE_IDENTIFIER = com.companyname.SocialNetwork;
				PRODUCT_NAME = "$(TARGET_NAME)";
				SWIFT_VERSION = 4.0;
				TARGETED_DEVICE_FAMILY = "1,2";
			};
			name = Release;
		};
/* End XCBuildConfiguration section */

/* Begin XCConfigurationList section */
		FA89B5B61F91A221004F52C1 /* Build configuration list for PBXProject "SocialNetwork" */ = {
			isa = XCConfigurationList;
			buildConfigurations = (
				FA89B5CB1F91A221004F52C1 /* Debug */,
				FA89B5CC1F91A221004F52C1 /* Release */,
			);
			defaultConfigurationIsVisible = 0;
			defaultConfigurationName = Release;
		};
		FA89B5CD1F91A221004F52C1 /* Build configuration list for PBXNativeTarget "SocialNetwork" */ = {
			isa = XCConfigurationList;
			buildConfigurations = (
				FA89B5CE1F91A221004F52C1 /* Debug */,
				FA89B5CF1F91A221004F52C1 /* Release */,
			);
			defaultConfigurationIsVisible = 0;
			defaultConfigurationName = Release;
		};
/* End XCConfigurationList section */
	};
	rootObject = FA89B5B31F91A221004F52C1 /* Project object */;
}
